version = 1
requires-python = ">=3.12"

[[package]]
name = "demo-lib-00"
version = "1.1.0"
source = { registry = "https://pypi.org/simple" }
sdist = { url = "https://example.invalid/demo-lib-00-1.1.tar.gz", hash = "sha256:0000000000000000000000000000000000000000000000000000000000000001" }

[[package]]
name = "demo-lib-01"
version = "1.2.1"
source = { registry = "https://pypi.org/simple" }
sdist = { url = "https://example.invalid/demo-lib-01-1.2.tar.gz", hash = "sha256:0000000000000000000000000000000000000000000000000000000000001ef1" }

[[package]]
name = "demo-lib-02"
version = "1.3.2"
source = { registry = "https://pypi.org/simple" }
sdist = { url = "https://example.invalid/demo-lib-02-1.3.tar.gz", hash = "sha256:0000000000000000000000000000000000000000000000000000000000003de1" }

[[package]]
name = "demo-lib-03"
version = "1.4.3"
source = { registry = "https://pypi.org/simple" }
sdist = { url = "https://example.invalid/demo-lib-03-1.4.tar.gz", hash = "sha256:0000000000000000000000000000000000000000000000000000000000005cd1" }

[[package]]
name = "demo-lib-04"
version = "1.5.4"
source = { registry = "https://pypi.org/simple" }
sdist = { url = "https://example.invalid/demo-lib-04-1.5.tar.gz", hash = "sha256:0000000000000000000000000000000000000000000000000000000000007bc1" }

[[package]]
name = "demo-lib-05"
version = "1.6.0"
source = { registry = "https://pypi.org/simple" }
sdist = { url = "https://example.invalid/demo-lib-05-1.6.tar.gz", hash = "sha256:0000000000000000000000000000000000000000000000000000000000009ab1" }

[[package]]
name = "demo-lib-06"
version = "1.7.1"
source = { registry = "https://pypi.org/simple" }
sdist = { url = "https://example.invalid/demo-lib-06-1.7.tar.gz", hash = "sha256:000000000000000000000000000000000000000000000000000000000000b9a1" }

[[package]]
name = "demo-lib-07"
version = "1.1.2"
source = { registry = "https://pypi.org/simple" }
sdist = { url = "https://example.invalid/demo-lib-07-1.1.tar.gz", hash = "sha256:000000000000000000000000000000000000000000000000000000000000d88a" }

[[package]]
name = "demo-lib-08"
version = "1.2.3"
source = { registry = "https://pypi.org/simple" }
sdist = { url = "https://example.invalid/demo-lib-08-1.2.tar.gz", hash = "sha256:000000000000000000000000000000000000000000000000000000000000f77a" }

[[package]]
name = "demo-lib-09"
version = "1.3.4"
source = { registry = "https://pypi.org/simple" }
sdist = { url = "https://example.invalid/demo-lib-09-1.3.tar.gz", hash = "sha256:000000000000000000000000000000000000000000000000000000000001166a" }

[[package]]
name = "demo-lib-10"
version = "1.4.0"
source = { registry = "https://pypi.org/simple" }
sdist = { url = "https://example.invalid/demo-lib-10-1.4.tar.gz", hash = "sha256:000000000000000000000000000000000000000000000000000000000001355a" }

[[package]]
name = "demo-lib-11"
version = "1.5.1"
source = { registry = "https://pypi.org/simple" }
sdist = { url = "https://example.invalid/demo-lib-11-1.5.tar.gz", hash = "sha256:000000000000000000000000000000000000000000000000000000000001544a" }

[[package]]
name = "demo-lib-12"
version = "1.6.2"
source = { registry = "https://pypi.org/simple" }
sdist = { url = "https://example.invalid/demo-lib-12-1.6.tar.gz", hash = "sha256:000000000000000000000000000000000000000000000000000000000001733a" }

[[package]]
name = "demo-lib-13"
version = "1.7.3"
source = { registry = "https://pypi.org/simple" }
sdist = { url = "https://example.invalid/demo-lib-13-1.7.tar.gz", hash = "sha256:000000000000000000000000000000000000000000000000000000000001922a" }

[[package]]
name = "demo-lib-14"
version = "1.1.4"
source = { registry = "https://pypi.org/simple" }
sdist = { url = "https://example.invalid/demo-lib-14-1.1.tar.gz", hash = "sha256:000000000000000000000000000000000000000000000000000000000001b113" }

[[package]]
name = "demo-lib-15"
version = "1.2.0"
source = { registry = "https://pypi.org/simple" }
sdist = { url = "https://example.invalid/demo-lib-15-1.2.tar.gz", hash = "sha256:000000000000000000000000000000000000000000000000000000000001d003" }

[[package]]
name = "demo-lib-16"
version = "1.3.1"
source = { registry = "https://pypi.org/simple" }
sdist = { url = "https://example.invalid/demo-lib-16-1.3.tar.gz", hash = "sha256:000000000000000000000000000000000000000000000000000000000001eef3" }

[[package]]
name = "demo-lib-17"
version = "1.4.2"
source = { registry = "https://pypi.org/simple" }
sdist = { url = "https://example.invalid/demo-lib-17-1.4.tar.gz", hash = "sha256:0000000000000000000000000000000000000000000000000000000000020de3" }

[[package]]
name = "demo-lib-18"
version = "1.5.3"
source = { registry = "https://pypi.org/simple" }
sdist = { url = "https://example.invalid/demo-lib-18-1.5.tar.gz", hash = "sha256:0000000000000000000000000000000000000000000000000000000000022cd3" }

[[package]]
name = "demo-lib-19"
version = "1.6.4"
source = { registry = "https://pypi.org/simple" }
sdist = { url = "https://example.invalid/demo-lib-19-1.6.tar.gz", hash = "sha256:0000000000000000000000000000000000000000000000000000000000024bc3" }

[[package]]
name = "demo-lib-20"
version = "1.7.0"
source = { registry = "https://pypi.org/simple" }
sdist = { url = "https://example.invalid/demo-lib-20-1.7.tar.gz", hash = "sha256:0000000000000000000000000000000000000000000000000000000000026ab3" }

[[package]]
name = "demo-lib-21"
version = "1.1.1"
source = { registry = "https://pypi.org/simple" }
sdist = { url = "https://example.invalid/demo-lib-21-1.1.tar.gz", hash = "sha256:000000000000000000000000000000000000000000000000000000000002899c" }

[[package]]
name = "demo-lib-22"
version = "1.2.2"
source = { registry = "https://pypi.org/simple" }
sdist = { url = "https://example.invalid/demo-lib-22-1.2.tar.gz", hash = "sha256:000000000000000000000000000000000000000000000000000000000002a88c" }

[[package]]
name = "demo-lib-23"
version = "1.3.3"
source = { registry = "https://pypi.org/simple" }
sdist = { url = "https://example.invalid/demo-lib-23-1.3.tar.gz", hash = "sha256:000000000000000000000000000000000000000000000000000000000002c77c" }

[[package]]
name = "demo-lib-24"
version = "1.4.4"
source = { registry = "https://pypi.org/simple" }
sdist = { url = "https://example.invalid/demo-lib-24-1.4.tar.gz", hash = "sha256:000000000000000000000000000000000000000000000000000000000002e66c" }

[[package]]
name = "demo-lib-25"
version = "1.5.0"
source = { registry = "https://pypi.org/simple" }
sdist = { url = "https://example.invalid/demo-lib-25-1.5.tar.gz", hash = "sha256:000000000000000000000000000000000000000000000000000000000003055c" }

[[package]]
name = "demo-lib-26"
version = "1.6.1"
source = { registry = "https://pypi.org/simple" }
sdist = { url = "https://example.invalid/demo-lib-26-1.6.tar.gz", hash = "sha256:000000000000000000000000000000000000000000000000000000000003244c" }

[[package]]
name = "demo-lib-27"
version = "1.7.2"
source = { registry = "https://pypi.org/simple" }
sdist = { url = "https://example.invalid/demo-lib-27-1.7.tar.gz", hash = "sha256:000000000000000000000000000000000000000000000000000000000003433c" }

[[package]]
name = "demo-lib-28"
version = "1.1.3"
source = { registry = "https://pypi.org/simple" }
sdist = { url = "https://example.invalid/demo-lib-28-1.1.tar.gz", hash = "sha256:0000000000000000000000000000000000000000000000000000000000036225" }

[[package]]
name = "demo-lib-29"
version = "1.2.4"
source = { registry = "https://pypi.org/simple" }
sdist = { url = "https://example.invalid/demo-lib-29-1.2.tar.gz", hash = "sha256:0000000000000000000000000000000000000000000000000000000000038115" }

[[package]]
name = "demo-lib-30"
version = "1.3.0"
source = { registry = "https://pypi.org/simple" }
sdist = { url = "https://example.invalid/demo-lib-30-1.3.tar.gz", hash = "sha256:000000000000000000000000000000000000000000000000000000000003a005" }

[[package]]
name = "demo-lib-31"
version = "1.4.1"
source = { registry = "https://pypi.org/simple" }
sdist = { url = "https://example.invalid/demo-lib-31-1.4.tar.gz", hash = "sha256:000000000000000000000000000000000000000000000000000000000003bef5" }

[[package]]
name = "demo-lib-32"
version = "1.5.2"
source = { registry = "https://pypi.org/simple" }
sdist = { url = "https://example.invalid/demo-lib-32-1.5.tar.gz", hash = "sha256:000000000000000000000000000000000000000000000000000000000003dde5" }

[[package]]
name = "demo-lib-33"
version = "1.6.3"
source = { registry = "https://pypi.org/simple" }
sdist = { url = "https://example.invalid/demo-lib-33-1.6.tar.gz", hash = "sha256:000000000000000000000000000000000000000000000000000000000003fcd5" }

[[package]]
name = "demo-lib-34"
version = "1.7.4"
source = { registry = "https://pypi.org/simple" }
sdist = { url = "https://example.invalid/demo-lib-34-1.7.tar.gz", hash = "sha256:0000000000000000000000000000000000000000000000000000000000041bc5" }

[[package]]
name = "demo-lib-35"
version = "1.1.0"
source = { registry = "https://pypi.org/simple" }
sdist = { url = "https://example.invalid/demo-lib-35-1.1.tar.gz", hash = "sha256:0000000000000000000000000000000000000000000000000000000000043aae" }

[[package]]
name = "demo-lib-36"
version = "1.2.1"
source = { registry = "https://pypi.org/simple" }
sdist = { url = "https://example.invalid/demo-lib-36-1.2.tar.gz", hash = "sha256:000000000000000000000000000000000000000000000000000000000004599e" }

[[package]]
name = "demo-lib-37"
version = "1.3.2"
source = { registry = "https://pypi.org/simple" }
sdist = { url = "https://example.invalid/demo-lib-37-1.3.tar.gz", hash = "sha256:000000000000000000000000000000000000000000000000000000000004788e" }

[[package]]
name = "demo-lib-38"
version = "1.4.3"
source = { registry = "https://pypi.org/simple" }
sdist = { url = "https://example.invalid/demo-lib-38-1.4.tar.gz", hash = "sha256:000000000000000000000000000000000000000000000000000000000004977e" }

[[package]]
name = "demo-lib-39"
version = "1.5.4"
source = { registry = "https://pypi.org/simple" }
sdist = { url = "https://example.invalid/demo-lib-39-1.5.tar.gz", hash = "sha256:000000000000000000000000000000000000000000000000000000000004b66e" }

[[package]]
name = "demo-lib-40"
version = "1.6.0"
source = { registry = "https://pypi.org/simple" }
sdist = { url = "https://example.invalid/demo-lib-40-1.6.tar.gz", hash = "sha256:000000000000000000000000000000000000000000000000000000000004d55e" }

[[package]]
name = "demo-lib-41"
version = "1.7.1"
source = { registry = "https://pypi.org/simple" }
sdist = { url = "https://example.invalid/demo-lib-41-1.7.tar.gz", hash = "sha256:000000000000000000000000000000000000000000000000000000000004f44e" }

[[package]]
name = "demo-lib-42"
version = "1.1.2"
source = { registry = "https://pypi.org/simple" }
sdist = { url = "https://example.invalid/demo-lib-42-1.1.tar.gz", hash = "sha256:0000000000000000000000000000000000000000000000000000000000051337" }

[[package]]
name = "demo-lib-43"
version = "1.2.3"
source = { registry = "https://pypi.org/simple" }
sdist = { url = "https://example.invalid/demo-lib-43-1.2.tar.gz", hash = "sha256:0000000000000000000000000000000000000000000000000000000000053227" }

[[package]]
name = "demo-lib-44"
version = "1.3.4"
source = { registry = "https://pypi.org/simple" }
sdist = { url = "https://example.invalid/demo-lib-44-1.3.tar.gz", hash = "sha256:0000000000000000000000000000000000000000000000000000000000055117" }

[[package]]
name = "demo-lib-45"
version = "1.4.0"
source = { registry = "https://pypi.org/simple" }
sdist = { url = "https://example.invalid/demo-lib-45-1.4.tar.gz", hash = "sha256:0000000000000000000000000000000000000000000000000000000000057007" }

[[package]]
name = "demo-lib-46"
version = "1.5.1"
source = { registry = "https://pypi.org/simple" }
sdist = { url = "https://example.invalid/demo-lib-46-1.5.tar.gz", hash = "sha256:0000000000000000000000000000000000000000000000000000000000058ef7" }

[[package]]
name = "demo-lib-47"
version = "1.6.2"
source = { registry = "https://pypi.org/simple" }
sdist = { url = "https://example.invalid/demo-lib-47-1.6.tar.gz", hash = "sha256:000000000000000000000000000000000000000000000000000000000005ade7" }

[[package]]
name = "demo-lib-48"
version = "1.7.3"
source = { registry = "https://pypi.org/simple" }
sdist = { url = "https://example.invalid/demo-lib-48-1.7.tar.gz", hash = "sha256:000000000000000000000000000000000000000000000000000000000005ccd7" }

[[package]]
name = "demo-lib-49"
version = "1.1.4"
source = { registry = "https://pypi.org/simple" }
sdist = { url = "https://example.invalid/demo-lib-49-1.1.tar.gz", hash = "sha256:000000000000000000000000000000000000000000000000000000000005ebc0" }

[[package]]
name = "demo-lib-50"
version = "1.2.0"
source = { registry = "https://pypi.org/simple" }
sdist = { url = "https://example.invalid/demo-lib-50-1.2.tar.gz", hash = "sha256:0000000000000000000000000000000000000000000000000000000000060ab0" }

[[package]]
name = "demo-lib-51"
version = "1.3.1"
source = { registry = "https://pypi.org/simple" }
sdist = { url = "https://example.invalid/demo-lib-51-1.3.tar.gz", hash = "sha256:00000000000000000000000000000000000000000000000000000000000629a0" }

[[package]]
name = "demo-lib-52"
version = "1.4.2"
source = { registry = "https://pypi.org/simple" }
sdist = { url = "https://example.invalid/demo-lib-52-1.4.tar.gz", hash = "sha256:0000000000000000000000000000000000000000000000000000000000064890" }

[[package]]
name = "demo-lib-53"
version = "1.5.3"
source = { registry = "https://pypi.org/simple" }
sdist = { url = "https://example.invalid/demo-lib-53-1.5.tar.gz", hash = "sha256:0000000000000000000000000000000000000000000000000000000000066780" }

[[package]]
name = "demo-lib-54"
version = "1.6.4"
source = { registry = "https://pypi.org/simple" }
sdist = { url = "https://example.invalid/demo-lib-54-1.6.tar.gz", hash = "sha256:0000000000000000000000000000000000000000000000000000000000068670" }

[[package]]
name = "demo-lib-55"
version = "1.7.0"
source = { registry = "https://pypi.org/simple" }
sdist = { url = "https://example.invalid/demo-lib-55-1.7.tar.gz", hash = "sha256:000000000000000000000000000000000000000000000000000000000006a560" }

[[package]]
name = "demo-lib-56"
version = "1.1.1"
source = { registry = "https://pypi.org/simple" }
sdist = { url = "https://example.invalid/demo-lib-56-1.1.tar.gz", hash = "sha256:000000000000000000000000000000000000000000000000000000000006c449" }

[[package]]
name = "demo-lib-57"
version = "1.2.2"
source = { registry = "https://pypi.org/simple" }
sdist = { url = "https://example.invalid/demo-lib-57-1.2.tar.gz", hash = "sha256:000000000000000000000000000000000000000000000000000000000006e339" }

[[package]]
name = "demo-lib-58"
version = "1.3.3"
source = { registry = "https://pypi.org/simple" }
sdist = { url = "https://example.invalid/demo-lib-58-1.3.tar.gz", hash = "sha256:0000000000000000000000000000000000000000000000000000000000070229" }

[[package]]
name = "demo-lib-59"
version = "1.4.4"
source = { registry = "https://pypi.org/simple" }
sdist = { url = "https://example.invalid/demo-lib-59-1.4.tar.gz", hash = "sha256:0000000000000000000000000000000000000000000000000000000000072119" }

[[package]]
name = "demo-lib-60"
version = "1.5.0"
source = { registry = "https://pypi.org/simple" }
sdist = { url = "https://example.invalid/demo-lib-60-1.5.tar.gz", hash = "sha256:0000000000000000000000000000000000000000000000000000000000074009" }

[[package]]
name = "demo-lib-61"
version = "1.6.1"
source = { registry = "https://pypi.org/simple" }
sdist = { url = "https://example.invalid/demo-lib-61-1.6.tar.gz", hash = "sha256:0000000000000000000000000000000000000000000000000000000000075ef9" }

[[package]]
name = "demo-lib-62"
version = "1.7.2"
source = { registry = "https://pypi.org/simple" }
sdist = { url = "https://example.invalid/demo-lib-62-1.7.tar.gz", hash = "sha256:0000000000000000000000000000000000000000000000000000000000077de9" }

[[package]]
name = "demo-lib-63"
version = "1.1.3"
source = { registry = "https://pypi.org/simple" }
sdist = { url = "https://example.invalid/demo-lib-63-1.1.tar.gz", hash = "sha256:0000000000000000000000000000000000000000000000000000000000079cd2" }

[[package]]
name = "demo-lib-64"
version = "1.2.4"
source = { registry = "https://pypi.org/simple" }
sdist = { url = "https://example.invalid/demo-lib-64-1.2.tar.gz", hash = "sha256:000000000000000000000000000000000000000000000000000000000007bbc2" }

[[package]]
name = "demo-lib-65"
version = "1.3.0"
source = { registry = "https://pypi.org/simple" }
sdist = { url = "https://example.invalid/demo-lib-65-1.3.tar.gz", hash = "sha256:000000000000000000000000000000000000000000000000000000000007dab2" }

[[package]]
name = "demo-lib-66"
version = "1.4.1"
source = { registry = "https://pypi.org/simple" }
sdist = { url = "https://example.invalid/demo-lib-66-1.4.tar.gz", hash = "sha256:000000000000000000000000000000000000000000000000000000000007f9a2" }

[[package]]
name = "demo-lib-67"
version = "1.5.2"
source = { registry = "https://pypi.org/simple" }
sdist = { url = "https://example.invalid/demo-lib-67-1.5.tar.gz", hash = "sha256:0000000000000000000000000000000000000000000000000000000000081892" }

[[package]]
name = "demo-lib-68"
version = "1.6.3"
source = { registry = "https://pypi.org/simple" }
sdist = { url = "https://example.invalid/demo-lib-68-1.6.tar.gz", hash = "sha256:0000000000000000000000000000000000000000000000000000000000083782" }

[[package]]
name = "demo-lib-69"
version = "1.7.4"
source = { registry = "https://pypi.org/simple" }
sdist = { url = "https://example.invalid/demo-lib-69-1.7.tar.gz", hash = "sha256:0000000000000000000000000000000000000000000000000000000000085672" }

[[package]]
name = "demo-lib-70"
version = "1.1.0"
source = { registry = "https://pypi.org/simple" }
sdist = { url = "https://example.invalid/demo-lib-70-1.1.tar.gz", hash = "sha256:000000000000000000000000000000000000000000000000000000000008755b" }

[[package]]
name = "demo-lib-71"
version = "1.2.1"
source = { registry = "https://pypi.org/simple" }
sdist = { url = "https://example.invalid/demo-lib-71-1.2.tar.gz", hash = "sha256:000000000000000000000000000000000000000000000000000000000008944b" }

[[package]]
name = "demo-lib-72"
version = "1.3.2"
source = { registry = "https://pypi.org/simple" }
sdist = { url = "https://example.invalid/demo-lib-72-1.3.tar.gz", hash = "sha256:000000000000000000000000000000000000000000000000000000000008b33b" }

[[package]]
name = "demo-lib-73"
version = "1.4.3"
source = { registry = "https://pypi.org/simple" }
sdist = { url = "https://example.invalid/demo-lib-73-1.4.tar.gz", hash = "sha256:000000000000000000000000000000000000000000000000000000000008d22b" }

[[package]]
name = "demo-lib-74"
version = "1.5.4"
source = { registry = "https://pypi.org/simple" }
sdist = { url = "https://example.invalid/demo-lib-74-1.5.tar.gz", hash = "sha256:000000000000000000000000000000000000000000000000000000000008f11b" }

[[package]]
name = "demo-lib-75"
version = "1.6.0"
source = { registry = "https://pypi.org/simple" }
sdist = { url = "https://example.invalid/demo-lib-75-1.6.tar.gz", hash = "sha256:000000000000000000000000000000000000000000000000000000000009100b" }

[[package]]
name = "demo-lib-76"
version = "1.7.1"
source = { registry = "https://pypi.org/simple" }
sdist = { url = "https://example.invalid/demo-lib-76-1.7.tar.gz", hash = "sha256:0000000000000000000000000000000000000000000000000000000000092efb" }

[[package]]
name = "demo-lib-77"
version = "1.1.2"
source = { registry = "https://pypi.org/simple" }
sdist = { url = "https://example.invalid/demo-lib-77-1.1.tar.gz", hash = "sha256:0000000000000000000000000000000000000000000000000000000000094de4" }

[[package]]
name = "demo-lib-78"
version = "1.2.3"
source = { registry = "https://pypi.org/simple" }
sdist = { url = "https://example.invalid/demo-lib-78-1.2.tar.gz", hash = "sha256:0000000000000000000000000000000000000000000000000000000000096cd4" }

[[package]]
name = "demo-lib-79"
version = "1.3.4"
source = { registry = "https://pypi.org/simple" }
sdist = { url = "https://example.invalid/demo-lib-79-1.3.tar.gz", hash = "sha256:0000000000000000000000000000000000000000000000000000000000098bc4" }
